
Microsoft Visual Studio Solution File, Format Version 12.00
# Visual Studio Version 16
VisualStudioVersion = 16.0.29519.87
MinimumVisualStudioVersion = 10.0.40219.1
Project("{9A19103F-16F7-4668-BE54-9A1E7A4F7556}") = "BarberShopService.Api", "BarberShopService.Api\BarberShopService.Api.csproj", "{9FA7AB6A-1821-4F08-AE4B-36ED2FEFEB84}"
EndProject
Project("{9A19103F-16F7-4668-BE54-9A1E7A4F7556}") = "BarberShopService.Data", "BarberShopService.Data\BarberShopService.Data.csproj", "{337C7155-DFDE-4A65-B0F6-608E31863145}"
EndProject
Project("{9A19103F-16F7-4668-BE54-9A1E7A4F7556}") = "BarberShopService.Model", "BarberShopService.Model\BarberShopService.Model.csproj", "{90F40C8E-F362-49EE-B68C-417E966F1690}"
EndProject
Project("{FAE04EC0-301F-11D3-BF4B-00C04F79EFBC}") = "BarberShopService.IdentityService", "BarberShopService.IdentityService\BarberShopService.IdentityService.csproj", "{581F7C27-2452-424F-8730-5C58E4D611CB}"
EndProject
Global
	GlobalSection(SolutionConfigurationPlatforms) = preSolution
		Debug|Any CPU = Debug|Any CPU
		Release|Any CPU = Release|Any CPU
	EndGlobalSection
	GlobalSection(ProjectConfigurationPlatforms) = postSolution
		{9FA7AB6A-1821-4F08-AE4B-36ED2FEFEB84}.Debug|Any CPU.ActiveCfg = Debug|Any CPU
		{9FA7AB6A-1821-4F08-AE4B-36ED2FEFEB84}.Debug|Any CPU.Build.0 = Debug|Any CPU
		{9FA7AB6A-1821-4F08-AE4B-36ED2FEFEB84}.Release|Any CPU.ActiveCfg = Release|Any CPU
		{9FA7AB6A-1821-4F08-AE4B-36ED2FEFEB84}.Release|Any CPU.Build.0 = Release|Any CPU
		{337C7155-DFDE-4A65-B0F6-608E31863145}.Debug|Any CPU.ActiveCfg = Debug|Any CPU
		{337C7155-DFDE-4A65-B0F6-608E31863145}.Debug|Any CPU.Build.0 = Debug|Any CPU
		{337C7155-DFDE-4A65-B0F6-608E31863145}.Release|Any CPU.ActiveCfg = Release|Any CPU
		{337C7155-DFDE-4A65-B0F6-608E31863145}.Release|Any CPU.Build.0 = Release|Any CPU
		{90F40C8E-F362-49EE-B68C-417E966F1690}.Debug|Any CPU.ActiveCfg = Debug|Any CPU
		{90F40C8E-F362-49EE-B68C-417E966F1690}.Debug|Any CPU.Build.0 = Debug|Any CPU
		{90F40C8E-F362-49EE-B68C-417E966F1690}.Release|Any CPU.ActiveCfg = Release|Any CPU
		{90F40C8E-F362-49EE-B68C-417E966F1690}.Release|Any CPU.Build.0 = Release|Any CPU
		{581F7C27-2452-424F-8730-5C58E4D611CB}.Debug|Any CPU.ActiveCfg = Debug|Any CPU
		{581F7C27-2452-424F-8730-5C58E4D611CB}.Debug|Any CPU.Build.0 = Debug|Any CPU
		{581F7C27-2452-424F-8730-5C58E4D611CB}.Release|Any CPU.ActiveCfg = Release|Any CPU
		{581F7C27-2452-424F-8730-5C58E4D611CB}.Release|Any CPU.Build.0 = Release|Any CPU
	EndGlobalSection
	GlobalSection(SolutionProperties) = preSolution
		HideSolutionNode = FALSE
	EndGlobalSection
	GlobalSection(ExtensibilityGlobals) = postSolution
		SolutionGuid = {EE84B036-9DB0-4350-A330-5D4DD011D3FC}
	EndGlobalSection
EndGlobal
